
Microsoft Visual Studio Solution File, Format Version 12.00
# Visual Studio 15
VisualStudioVersion = 15.0.26730.12
MinimumVisualStudioVersion = 10.0.40219.1
Project("{FAE04EC0-301F-11D3-BF4B-00C04F79EFBC}") = "Workly", "Workly\Workly.csproj", "{E7C461D4-5F2D-4A69-ACEB-1DF4A48E4593}"
EndProject
Global
	GlobalSection(SolutionConfigurationPlatforms) = preSolution
		Debug|Any CPU = Debug|Any CPU
		Release|Any CPU = Release|Any CPU
	EndGlobalSection
	GlobalSection(ProjectConfigurationPlatforms) = postSolution
		{E7C461D4-5F2D-4A69-ACEB-1DF4A48E4593}.Debug|Any CPU.ActiveCfg = Debug|Any CPU
		{E7C461D4-5F2D-4A69-ACEB-1DF4A48E4593}.Debug|Any CPU.Build.0 = Debug|Any CPU
		{E7C461D4-5F2D-4A69-ACEB-1DF4A48E4593}.Release|Any CPU.ActiveCfg = Release|Any CPU
		{E7C461D4-5F2D-4A69-ACEB-1DF4A48E4593}.Release|Any CPU.Build.0 = Release|Any CPU
	EndGlobalSection
	GlobalSection(SolutionProperties) = preSolution
		HideSolutionNode = FALSE
	EndGlobalSection
	GlobalSection(ExtensibilityGlobals) = postSolution
		SolutionGuid = {99573CB9-120D-4AA6-AE46-E94423AF8B14}
	EndGlobalSection
EndGlobal
